
Microsoft Visual Studio Solution File, Format Version 12.00
# Visual Studio 15
VisualStudioVersion = 15.0.28307.539
MinimumVisualStudioVersion = 10.0.40219.1
Project("{FAE04EC0-301F-11D3-BF4B-00C04F79EFBC}") = "VsAsyncPackage.Tests", "VsAsyncPackage.Tests\VsAsyncPackage.Tests.csproj", "{E298A62D-0A6E-495E-B1FD-BAE4AE676B34}"
EndProject
Project("{FAE04EC0-301F-11D3-BF4B-00C04F79EFBC}") = "VsAsyncPackage", "VsAsyncPackage\VsAsyncPackage.csproj", "{67883C9D-D5C8-465A-8C2C-9CB49521B99B}"
EndProject
Global
	GlobalSection(SolutionConfigurationPlatforms) = preSolution
		Debug|Any CPU = Debug|Any CPU
		Release|Any CPU = Release|Any CPU
	EndGlobalSection
	GlobalSection(ProjectConfigurationPlatforms) = postSolution
		{E298A62D-0A6E-495E-B1FD-BAE4AE676B34}.Debug|Any CPU.ActiveCfg = Debug|Any CPU
		{E298A62D-0A6E-495E-B1FD-BAE4AE676B34}.Debug|Any CPU.Build.0 = Debug|Any CPU
		{E298A62D-0A6E-495E-B1FD-BAE4AE676B34}.Release|Any CPU.ActiveCfg = Release|Any CPU
		{E298A62D-0A6E-495E-B1FD-BAE4AE676B34}.Release|Any CPU.Build.0 = Release|Any CPU
		{67883C9D-D5C8-465A-8C2C-9CB49521B99B}.Debug|Any CPU.ActiveCfg = Debug|Any CPU
		{67883C9D-D5C8-465A-8C2C-9CB49521B99B}.Debug|Any CPU.Build.0 = Debug|Any CPU
		{67883C9D-D5C8-465A-8C2C-9CB49521B99B}.Release|Any CPU.ActiveCfg = Release|Any CPU
		{67883C9D-D5C8-465A-8C2C-9CB49521B99B}.Release|Any CPU.Build.0 = Release|Any CPU
	EndGlobalSection
	GlobalSection(SolutionProperties) = preSolution
		HideSolutionNode = FALSE
	EndGlobalSection
	GlobalSection(ExtensibilityGlobals) = postSolution
		SolutionGuid = {2F3F8B77-C2BA-4BCA-814A-E87494D1E43E}
	EndGlobalSection
EndGlobal
